
Microsoft Visual Studio Solution File, Format Version 12.00
# Visual Studio 14
VisualStudioVersion = 14.0.25420.1
MinimumVisualStudioVersion = 10.0.40219.1
Project("{2150E333-8FDC-42A3-9474-1A3956D46DE8}") = "02 Tests", "02 Tests", "{1EAE4385-197F-413F-8AFB-C80EBBD5ED64}"
EndProject
Project("{FAE04EC0-301F-11D3-BF4B-00C04F79EFBC}") = "ClassifiedsDatabase", "Database\ClassifiedsDatabase\ClassifiedsDatabase.csproj", "{E17C5429-4810-4589-9640-6D1828A6C71E}"
EndProject
Project("{FAE04EC0-301F-11D3-BF4B-00C04F79EFBC}") = "MembershipDatabase", "Database\MembershipDatabase\MembershipDatabase.csproj", "{0E32F93E-8E53-4469-BD63-3BFCE23468DD}"
EndProject
Project("{FAE04EC0-301F-11D3-BF4B-00C04F79EFBC}") = "LogDatabase", "Database\LogDatabase\LogDatabase.csproj", "{04979BB2-2132-46AF-B359-D83A243B97DE}"
EndProject
Project("{FAE04EC0-301F-11D3-BF4B-00C04F79EFBC}") = "Paramount.Betterclassifieds.Console", "Paramount.Betterclassifieds.Console\Paramount.Betterclassifieds.Console.csproj", "{EF41A36C-ADA3-433B-9307-1CB642517544}"
EndProject
Project("{FAE04EC0-301F-11D3-BF4B-00C04F79EFBC}") = "Paramount.Betterclassifieds.Business", "Paramount.Betterclassifieds.Business\Paramount.Betterclassifieds.Business.csproj", "{5C1BE481-DB9E-48CC-9048-5B10E6535D02}"
EndProject
Project("{2150E333-8FDC-42A3-9474-1A3956D46DE8}") = "05 Docs", "05 Docs", "{97624BE3-6BCD-46D3-A4FC-FFA0F09FC639}"
	ProjectSection(SolutionItems) = preProject
		readme.md = readme.md
		ReleaseNotes.html = ReleaseNotes.html
		ReleaseNotes.md = ReleaseNotes.md
	EndProjectSection
EndProject
Project("{FAE04EC0-301F-11D3-BF4B-00C04F79EFBC}") = "Paramount.Betterclassifieds.DataService", "Paramount.Betterclassifieds.DataService\Paramount.Betterclassifieds.DataService.csproj", "{E51B8388-9A02-40AD-97B4-2802AE77FB69}"
EndProject
Project("{2150E333-8FDC-42A3-9474-1A3956D46DE8}") = "01 Src", "01 Src", "{C030D05C-AA23-4C91-A40A-047C4C8989DF}"
EndProject
Project("{2150E333-8FDC-42A3-9474-1A3956D46DE8}") = "06 Build", "06 Build", "{767D0413-71AD-4641-8C51-E07B6CF2F6B6}"
	ProjectSection(SolutionItems) = preProject
		build.ps1 = build.ps1
	EndProjectSection
EndProject
Project("{2150E333-8FDC-42A3-9474-1A3956D46DE8}") = ".nuget", ".nuget", "{AC46CF8D-0922-4020-B203-51138A54AC59}"
	ProjectSection(SolutionItems) = preProject
		.nuget\packages.config = .nuget\packages.config
	EndProjectSection
EndProject
Project("{FAE04EC0-301F-11D3-BF4B-00C04F79EFBC}") = "DocumentDatabase", "Database\DocumentDatabase\DocumentDatabase.csproj", "{CF649D5B-4AB9-4CA3-98D8-B2973C6D8941}"
EndProject
Project("{FAE04EC0-301F-11D3-BF4B-00C04F79EFBC}") = "Paramount.Betterclassifieds.Security", "Paramount.Betterclassifieds.Security\Paramount.Betterclassifieds.Security.csproj", "{9CE120EA-CB54-4F24-A68C-A80EB331DBDE}"
EndProject
Project("{FAE04EC0-301F-11D3-BF4B-00C04F79EFBC}") = "Paramount.Betterclassifieds.Tests", "Paramount.Betterclassifieds.Tests\Paramount.Betterclassifieds.Tests.csproj", "{C27FBF98-1C35-4B23-8551-966538A0D5AA}"
EndProject
Project("{FAE04EC0-301F-11D3-BF4B-00C04F79EFBC}") = "Paramount.Betterclassifieds.Tests.Functional", "Paramount.Betterclassifieds.Tests.Functional\Paramount.Betterclassifieds.Tests.Functional.csproj", "{45BBB0EB-4C95-41D5-BD6C-C7D980212144}"
EndProject
Project("{FAE04EC0-301F-11D3-BF4B-00C04F79EFBC}") = "Paramount.Betterclassifieds.Presentation", "Paramount.Betterclassifieds.Presentation\Paramount.Betterclassifieds.Presentation.csproj", "{16A1594A-F9A2-468B-BF45-2D716A72469E}"
EndProject
Project("{FAE04EC0-301F-11D3-BF4B-00C04F79EFBC}") = "BroadcastDatabase", "Database\BroadcastDatabase\BroadcastDatabase.csproj", "{E21BC044-AAAF-4D53-9A52-55820A22A7C2}"
EndProject
Project("{FAE04EC0-301F-11D3-BF4B-00C04F79EFBC}") = "Paramount.Betterclassifieds.Payments.PayPal", "Paramount.Betterclassifieds.Payments.PayPal\Paramount.Betterclassifieds.Payments.PayPal.csproj", "{27640C6A-7C6F-446D-93DD-3E938DA05F24}"
EndProject
Project("{2150E333-8FDC-42A3-9474-1A3956D46DE8}") = "Solution Items", "Solution Items", "{9CFF4354-E86F-4125-BF42-7AC43316E695}"
	ProjectSection(SolutionItems) = preProject
		Local.testsettings = Local.testsettings
		WE-Palette.css = WE-Palette.css
	EndProjectSection
EndProject
Project("{2150E333-8FDC-42A3-9474-1A3956D46DE8}") = "03 Database Scripts", "03 Database Scripts", "{07952A32-5A2A-47E5-89BB-5F0F2985D653}"
EndProject
Project("{FAE04EC0-301F-11D3-BF4B-00C04F79EFBC}") = "Paramount.Betterclassifieds.Configuration", "Paramount.Betterclassifieds.Configuration\Paramount.Betterclassifieds.Configuration.csproj", "{CA9B2482-2A5B-4666-B6EE-0BE6034FD9C7}"
EndProject
Project("{FAE04EC0-301F-11D3-BF4B-00C04F79EFBC}") = "Paramount.Betterclassifieds.Utility", "Paramount.Betterclassifieds.Utility\Paramount.Betterclassifieds.Utility.csproj", "{7F2CF5FE-6AD1-4DDE-9F7D-A6FB3A1124E5}"
EndProject
Project("{FAE04EC0-301F-11D3-BF4B-00C04F79EFBC}") = "Paramount.Betterclassifieds.Payments.Stripe", "Paramount.Betterclassifieds.Payments.Stripe\Paramount.Betterclassifieds.Payments.Stripe.csproj", "{D9A562F1-25B4-49DA-98F6-2578FCBC1C4F}"
EndProject
Project("{FAE04EC0-301F-11D3-BF4B-00C04F79EFBC}") = "Paramount.Betterclassifieds.Tests.Integration", "Paramount.Betterclassifieds.Tests.Integration\Paramount.Betterclassifieds.Tests.Integration.csproj", "{0F393CB7-0A8D-4BBA-A681-D4B78E22E89F}"
EndProject
Global
	GlobalSection(SolutionConfigurationPlatforms) = preSolution
		Debug|Any CPU = Debug|Any CPU
		Release|Any CPU = Release|Any CPU
		Test|Any CPU = Test|Any CPU
		Testing|Any CPU = Testing|Any CPU
	EndGlobalSection
	GlobalSection(ProjectConfigurationPlatforms) = postSolution
		{E17C5429-4810-4589-9640-6D1828A6C71E}.Debug|Any CPU.ActiveCfg = Debug|Any CPU
		{E17C5429-4810-4589-9640-6D1828A6C71E}.Debug|Any CPU.Build.0 = Debug|Any CPU
		{E17C5429-4810-4589-9640-6D1828A6C71E}.Release|Any CPU.ActiveCfg = Release|Any CPU
		{E17C5429-4810-4589-9640-6D1828A6C71E}.Release|Any CPU.Build.0 = Release|Any CPU
		{E17C5429-4810-4589-9640-6D1828A6C71E}.Test|Any CPU.ActiveCfg = Release|Any CPU
		{E17C5429-4810-4589-9640-6D1828A6C71E}.Test|Any CPU.Build.0 = Release|Any CPU
		{E17C5429-4810-4589-9640-6D1828A6C71E}.Testing|Any CPU.ActiveCfg = Release|Any CPU
		{E17C5429-4810-4589-9640-6D1828A6C71E}.Testing|Any CPU.Build.0 = Release|Any CPU
		{0E32F93E-8E53-4469-BD63-3BFCE23468DD}.Debug|Any CPU.ActiveCfg = Debug|Any CPU
		{0E32F93E-8E53-4469-BD63-3BFCE23468DD}.Debug|Any CPU.Build.0 = Debug|Any CPU
		{0E32F93E-8E53-4469-BD63-3BFCE23468DD}.Release|Any CPU.ActiveCfg = Release|Any CPU
		{0E32F93E-8E53-4469-BD63-3BFCE23468DD}.Release|Any CPU.Build.0 = Release|Any CPU
		{0E32F93E-8E53-4469-BD63-3BFCE23468DD}.Test|Any CPU.ActiveCfg = Release|Any CPU
		{0E32F93E-8E53-4469-BD63-3BFCE23468DD}.Test|Any CPU.Build.0 = Release|Any CPU
		{0E32F93E-8E53-4469-BD63-3BFCE23468DD}.Testing|Any CPU.ActiveCfg = Release|Any CPU
		{0E32F93E-8E53-4469-BD63-3BFCE23468DD}.Testing|Any CPU.Build.0 = Release|Any CPU
		{04979BB2-2132-46AF-B359-D83A243B97DE}.Debug|Any CPU.ActiveCfg = Debug|Any CPU
		{04979BB2-2132-46AF-B359-D83A243B97DE}.Debug|Any CPU.Build.0 = Debug|Any CPU
		{04979BB2-2132-46AF-B359-D83A243B97DE}.Release|Any CPU.ActiveCfg = Release|Any CPU
		{04979BB2-2132-46AF-B359-D83A243B97DE}.Release|Any CPU.Build.0 = Release|Any CPU
		{04979BB2-2132-46AF-B359-D83A243B97DE}.Test|Any CPU.ActiveCfg = Release|Any CPU
		{04979BB2-2132-46AF-B359-D83A243B97DE}.Test|Any CPU.Build.0 = Release|Any CPU
		{04979BB2-2132-46AF-B359-D83A243B97DE}.Testing|Any CPU.ActiveCfg = Release|Any CPU
		{04979BB2-2132-46AF-B359-D83A243B97DE}.Testing|Any CPU.Build.0 = Release|Any CPU
		{EF41A36C-ADA3-433B-9307-1CB642517544}.Debug|Any CPU.ActiveCfg = Debug|Any CPU
		{EF41A36C-ADA3-433B-9307-1CB642517544}.Debug|Any CPU.Build.0 = Debug|Any CPU
		{EF41A36C-ADA3-433B-9307-1CB642517544}.Release|Any CPU.ActiveCfg = Release|Any CPU
		{EF41A36C-ADA3-433B-9307-1CB642517544}.Release|Any CPU.Build.0 = Release|Any CPU
		{EF41A36C-ADA3-433B-9307-1CB642517544}.Test|Any CPU.ActiveCfg = Release|Any CPU
		{EF41A36C-ADA3-433B-9307-1CB642517544}.Test|Any CPU.Build.0 = Release|Any CPU
		{EF41A36C-ADA3-433B-9307-1CB642517544}.Testing|Any CPU.ActiveCfg = Release|Any CPU
		{EF41A36C-ADA3-433B-9307-1CB642517544}.Testing|Any CPU.Build.0 = Release|Any CPU
		{5C1BE481-DB9E-48CC-9048-5B10E6535D02}.Debug|Any CPU.ActiveCfg = Debug|Any CPU
		{5C1BE481-DB9E-48CC-9048-5B10E6535D02}.Debug|Any CPU.Build.0 = Debug|Any CPU
		{5C1BE481-DB9E-48CC-9048-5B10E6535D02}.Release|Any CPU.ActiveCfg = Release|Any CPU
		{5C1BE481-DB9E-48CC-9048-5B10E6535D02}.Release|Any CPU.Build.0 = Release|Any CPU
		{5C1BE481-DB9E-48CC-9048-5B10E6535D02}.Test|Any CPU.ActiveCfg = Release|Any CPU
		{5C1BE481-DB9E-48CC-9048-5B10E6535D02}.Test|Any CPU.Build.0 = Release|Any CPU
		{5C1BE481-DB9E-48CC-9048-5B10E6535D02}.Testing|Any CPU.ActiveCfg = Release|Any CPU
		{5C1BE481-DB9E-48CC-9048-5B10E6535D02}.Testing|Any CPU.Build.0 = Release|Any CPU
		{E51B8388-9A02-40AD-97B4-2802AE77FB69}.Debug|Any CPU.ActiveCfg = Debug|Any CPU
		{E51B8388-9A02-40AD-97B4-2802AE77FB69}.Debug|Any CPU.Build.0 = Debug|Any CPU
		{E51B8388-9A02-40AD-97B4-2802AE77FB69}.Release|Any CPU.ActiveCfg = Release|Any CPU
		{E51B8388-9A02-40AD-97B4-2802AE77FB69}.Release|Any CPU.Build.0 = Release|Any CPU
		{E51B8388-9A02-40AD-97B4-2802AE77FB69}.Test|Any CPU.ActiveCfg = Release|Any CPU
		{E51B8388-9A02-40AD-97B4-2802AE77FB69}.Test|Any CPU.Build.0 = Release|Any CPU
		{E51B8388-9A02-40AD-97B4-2802AE77FB69}.Testing|Any CPU.ActiveCfg = Release|Any CPU
		{E51B8388-9A02-40AD-97B4-2802AE77FB69}.Testing|Any CPU.Build.0 = Release|Any CPU
		{CF649D5B-4AB9-4CA3-98D8-B2973C6D8941}.Debug|Any CPU.ActiveCfg = Debug|Any CPU
		{CF649D5B-4AB9-4CA3-98D8-B2973C6D8941}.Debug|Any CPU.Build.0 = Debug|Any CPU
		{CF649D5B-4AB9-4CA3-98D8-B2973C6D8941}.Release|Any CPU.ActiveCfg = Release|Any CPU
		{CF649D5B-4AB9-4CA3-98D8-B2973C6D8941}.Release|Any CPU.Build.0 = Release|Any CPU
		{CF649D5B-4AB9-4CA3-98D8-B2973C6D8941}.Test|Any CPU.ActiveCfg = Release|Any CPU
		{CF649D5B-4AB9-4CA3-98D8-B2973C6D8941}.Test|Any CPU.Build.0 = Release|Any CPU
		{CF649D5B-4AB9-4CA3-98D8-B2973C6D8941}.Testing|Any CPU.ActiveCfg = Release|Any CPU
		{CF649D5B-4AB9-4CA3-98D8-B2973C6D8941}.Testing|Any CPU.Build.0 = Release|Any CPU
		{9CE120EA-CB54-4F24-A68C-A80EB331DBDE}.Debug|Any CPU.ActiveCfg = Debug|Any CPU
		{9CE120EA-CB54-4F24-A68C-A80EB331DBDE}.Debug|Any CPU.Build.0 = Debug|Any CPU
		{9CE120EA-CB54-4F24-A68C-A80EB331DBDE}.Release|Any CPU.ActiveCfg = Release|Any CPU
		{9CE120EA-CB54-4F24-A68C-A80EB331DBDE}.Release|Any CPU.Build.0 = Release|Any CPU
		{9CE120EA-CB54-4F24-A68C-A80EB331DBDE}.Test|Any CPU.ActiveCfg = Release|Any CPU
		{9CE120EA-CB54-4F24-A68C-A80EB331DBDE}.Test|Any CPU.Build.0 = Release|Any CPU
		{9CE120EA-CB54-4F24-A68C-A80EB331DBDE}.Testing|Any CPU.ActiveCfg = Release|Any CPU
		{9CE120EA-CB54-4F24-A68C-A80EB331DBDE}.Testing|Any CPU.Build.0 = Release|Any CPU
		{C27FBF98-1C35-4B23-8551-966538A0D5AA}.Debug|Any CPU.ActiveCfg = Debug|Any CPU
		{C27FBF98-1C35-4B23-8551-966538A0D5AA}.Debug|Any CPU.Build.0 = Debug|Any CPU
		{C27FBF98-1C35-4B23-8551-966538A0D5AA}.Release|Any CPU.ActiveCfg = Release|Any CPU
		{C27FBF98-1C35-4B23-8551-966538A0D5AA}.Release|Any CPU.Build.0 = Release|Any CPU
		{C27FBF98-1C35-4B23-8551-966538A0D5AA}.Test|Any CPU.ActiveCfg = Release|Any CPU
		{C27FBF98-1C35-4B23-8551-966538A0D5AA}.Test|Any CPU.Build.0 = Release|Any CPU
		{C27FBF98-1C35-4B23-8551-966538A0D5AA}.Testing|Any CPU.ActiveCfg = Release|Any CPU
		{C27FBF98-1C35-4B23-8551-966538A0D5AA}.Testing|Any CPU.Build.0 = Release|Any CPU
		{45BBB0EB-4C95-41D5-BD6C-C7D980212144}.Debug|Any CPU.ActiveCfg = Debug|Any CPU
		{45BBB0EB-4C95-41D5-BD6C-C7D980212144}.Debug|Any CPU.Build.0 = Debug|Any CPU
		{45BBB0EB-4C95-41D5-BD6C-C7D980212144}.Release|Any CPU.ActiveCfg = Release|Any CPU
		{45BBB0EB-4C95-41D5-BD6C-C7D980212144}.Release|Any CPU.Build.0 = Release|Any CPU
		{45BBB0EB-4C95-41D5-BD6C-C7D980212144}.Test|Any CPU.ActiveCfg = Release|Any CPU
		{45BBB0EB-4C95-41D5-BD6C-C7D980212144}.Test|Any CPU.Build.0 = Release|Any CPU
		{45BBB0EB-4C95-41D5-BD6C-C7D980212144}.Testing|Any CPU.ActiveCfg = Release|Any CPU
		{45BBB0EB-4C95-41D5-BD6C-C7D980212144}.Testing|Any CPU.Build.0 = Release|Any CPU
		{16A1594A-F9A2-468B-BF45-2D716A72469E}.Debug|Any CPU.ActiveCfg = Debug|Any CPU
		{16A1594A-F9A2-468B-BF45-2D716A72469E}.Debug|Any CPU.Build.0 = Debug|Any CPU
		{16A1594A-F9A2-468B-BF45-2D716A72469E}.Release|Any CPU.ActiveCfg = Release|Any CPU
		{16A1594A-F9A2-468B-BF45-2D716A72469E}.Release|Any CPU.Build.0 = Release|Any CPU
		{16A1594A-F9A2-468B-BF45-2D716A72469E}.Test|Any CPU.ActiveCfg = Release|Any CPU
		{16A1594A-F9A2-468B-BF45-2D716A72469E}.Test|Any CPU.Build.0 = Release|Any CPU
		{16A1594A-F9A2-468B-BF45-2D716A72469E}.Testing|Any CPU.ActiveCfg = Release|Any CPU
		{16A1594A-F9A2-468B-BF45-2D716A72469E}.Testing|Any CPU.Build.0 = Release|Any CPU
		{E21BC044-AAAF-4D53-9A52-55820A22A7C2}.Debug|Any CPU.ActiveCfg = Debug|Any CPU
		{E21BC044-AAAF-4D53-9A52-55820A22A7C2}.Debug|Any CPU.Build.0 = Debug|Any CPU
		{E21BC044-AAAF-4D53-9A52-55820A22A7C2}.Release|Any CPU.ActiveCfg = Release|Any CPU
		{E21BC044-AAAF-4D53-9A52-55820A22A7C2}.Release|Any CPU.Build.0 = Release|Any CPU
		{E21BC044-AAAF-4D53-9A52-55820A22A7C2}.Test|Any CPU.ActiveCfg = Release|Any CPU
		{E21BC044-AAAF-4D53-9A52-55820A22A7C2}.Test|Any CPU.Build.0 = Release|Any CPU
		{E21BC044-AAAF-4D53-9A52-55820A22A7C2}.Testing|Any CPU.ActiveCfg = Release|Any CPU
		{E21BC044-AAAF-4D53-9A52-55820A22A7C2}.Testing|Any CPU.Build.0 = Release|Any CPU
		{27640C6A-7C6F-446D-93DD-3E938DA05F24}.Debug|Any CPU.ActiveCfg = Debug|Any CPU
		{27640C6A-7C6F-446D-93DD-3E938DA05F24}.Debug|Any CPU.Build.0 = Debug|Any CPU
		{27640C6A-7C6F-446D-93DD-3E938DA05F24}.Release|Any CPU.ActiveCfg = Release|Any CPU
		{27640C6A-7C6F-446D-93DD-3E938DA05F24}.Release|Any CPU.Build.0 = Release|Any CPU
		{27640C6A-7C6F-446D-93DD-3E938DA05F24}.Test|Any CPU.ActiveCfg = Release|Any CPU
		{27640C6A-7C6F-446D-93DD-3E938DA05F24}.Test|Any CPU.Build.0 = Release|Any CPU
		{27640C6A-7C6F-446D-93DD-3E938DA05F24}.Testing|Any CPU.ActiveCfg = Release|Any CPU
		{27640C6A-7C6F-446D-93DD-3E938DA05F24}.Testing|Any CPU.Build.0 = Release|Any CPU
		{CA9B2482-2A5B-4666-B6EE-0BE6034FD9C7}.Debug|Any CPU.ActiveCfg = Debug|Any CPU
		{CA9B2482-2A5B-4666-B6EE-0BE6034FD9C7}.Debug|Any CPU.Build.0 = Debug|Any CPU
		{CA9B2482-2A5B-4666-B6EE-0BE6034FD9C7}.Release|Any CPU.ActiveCfg = Release|Any CPU
		{CA9B2482-2A5B-4666-B6EE-0BE6034FD9C7}.Release|Any CPU.Build.0 = Release|Any CPU
		{CA9B2482-2A5B-4666-B6EE-0BE6034FD9C7}.Test|Any CPU.ActiveCfg = Testing|Any CPU
		{CA9B2482-2A5B-4666-B6EE-0BE6034FD9C7}.Test|Any CPU.Build.0 = Testing|Any CPU
		{CA9B2482-2A5B-4666-B6EE-0BE6034FD9C7}.Testing|Any CPU.ActiveCfg = Testing|Any CPU
		{CA9B2482-2A5B-4666-B6EE-0BE6034FD9C7}.Testing|Any CPU.Build.0 = Testing|Any CPU
		{7F2CF5FE-6AD1-4DDE-9F7D-A6FB3A1124E5}.Debug|Any CPU.ActiveCfg = Debug|Any CPU
		{7F2CF5FE-6AD1-4DDE-9F7D-A6FB3A1124E5}.Debug|Any CPU.Build.0 = Debug|Any CPU
		{7F2CF5FE-6AD1-4DDE-9F7D-A6FB3A1124E5}.Release|Any CPU.ActiveCfg = Release|Any CPU
		{7F2CF5FE-6AD1-4DDE-9F7D-A6FB3A1124E5}.Release|Any CPU.Build.0 = Release|Any CPU
		{7F2CF5FE-6AD1-4DDE-9F7D-A6FB3A1124E5}.Test|Any CPU.ActiveCfg = Testing|Any CPU
		{7F2CF5FE-6AD1-4DDE-9F7D-A6FB3A1124E5}.Test|Any CPU.Build.0 = Testing|Any CPU
		{7F2CF5FE-6AD1-4DDE-9F7D-A6FB3A1124E5}.Testing|Any CPU.ActiveCfg = Testing|Any CPU
		{7F2CF5FE-6AD1-4DDE-9F7D-A6FB3A1124E5}.Testing|Any CPU.Build.0 = Testing|Any CPU
		{D9A562F1-25B4-49DA-98F6-2578FCBC1C4F}.Debug|Any CPU.ActiveCfg = Debug|Any CPU
		{D9A562F1-25B4-49DA-98F6-2578FCBC1C4F}.Debug|Any CPU.Build.0 = Debug|Any CPU
		{D9A562F1-25B4-49DA-98F6-2578FCBC1C4F}.Release|Any CPU.ActiveCfg = Release|Any CPU
		{D9A562F1-25B4-49DA-98F6-2578FCBC1C4F}.Release|Any CPU.Build.0 = Release|Any CPU
		{D9A562F1-25B4-49DA-98F6-2578FCBC1C4F}.Test|Any CPU.ActiveCfg = Release|Any CPU
		{D9A562F1-25B4-49DA-98F6-2578FCBC1C4F}.Test|Any CPU.Build.0 = Release|Any CPU
		{D9A562F1-25B4-49DA-98F6-2578FCBC1C4F}.Testing|Any CPU.ActiveCfg = Release|Any CPU
		{D9A562F1-25B4-49DA-98F6-2578FCBC1C4F}.Testing|Any CPU.Build.0 = Release|Any CPU
		{0F393CB7-0A8D-4BBA-A681-D4B78E22E89F}.Debug|Any CPU.ActiveCfg = Debug|Any CPU
		{0F393CB7-0A8D-4BBA-A681-D4B78E22E89F}.Debug|Any CPU.Build.0 = Debug|Any CPU
		{0F393CB7-0A8D-4BBA-A681-D4B78E22E89F}.Release|Any CPU.ActiveCfg = Release|Any CPU
		{0F393CB7-0A8D-4BBA-A681-D4B78E22E89F}.Release|Any CPU.Build.0 = Release|Any CPU
		{0F393CB7-0A8D-4BBA-A681-D4B78E22E89F}.Test|Any CPU.ActiveCfg = Release|Any CPU
		{0F393CB7-0A8D-4BBA-A681-D4B78E22E89F}.Test|Any CPU.Build.0 = Release|Any CPU
		{0F393CB7-0A8D-4BBA-A681-D4B78E22E89F}.Testing|Any CPU.ActiveCfg = Release|Any CPU
		{0F393CB7-0A8D-4BBA-A681-D4B78E22E89F}.Testing|Any CPU.Build.0 = Release|Any CPU
	EndGlobalSection
	GlobalSection(SolutionProperties) = preSolution
		HideSolutionNode = FALSE
	EndGlobalSection
	GlobalSection(NestedProjects) = preSolution
		{E17C5429-4810-4589-9640-6D1828A6C71E} = {07952A32-5A2A-47E5-89BB-5F0F2985D653}
		{0E32F93E-8E53-4469-BD63-3BFCE23468DD} = {07952A32-5A2A-47E5-89BB-5F0F2985D653}
		{04979BB2-2132-46AF-B359-D83A243B97DE} = {07952A32-5A2A-47E5-89BB-5F0F2985D653}
		{EF41A36C-ADA3-433B-9307-1CB642517544} = {C030D05C-AA23-4C91-A40A-047C4C8989DF}
		{5C1BE481-DB9E-48CC-9048-5B10E6535D02} = {C030D05C-AA23-4C91-A40A-047C4C8989DF}
		{E51B8388-9A02-40AD-97B4-2802AE77FB69} = {C030D05C-AA23-4C91-A40A-047C4C8989DF}
		{CF649D5B-4AB9-4CA3-98D8-B2973C6D8941} = {07952A32-5A2A-47E5-89BB-5F0F2985D653}
		{9CE120EA-CB54-4F24-A68C-A80EB331DBDE} = {C030D05C-AA23-4C91-A40A-047C4C8989DF}
		{C27FBF98-1C35-4B23-8551-966538A0D5AA} = {1EAE4385-197F-413F-8AFB-C80EBBD5ED64}
		{45BBB0EB-4C95-41D5-BD6C-C7D980212144} = {1EAE4385-197F-413F-8AFB-C80EBBD5ED64}
		{16A1594A-F9A2-468B-BF45-2D716A72469E} = {C030D05C-AA23-4C91-A40A-047C4C8989DF}
		{E21BC044-AAAF-4D53-9A52-55820A22A7C2} = {07952A32-5A2A-47E5-89BB-5F0F2985D653}
		{27640C6A-7C6F-446D-93DD-3E938DA05F24} = {C030D05C-AA23-4C91-A40A-047C4C8989DF}
		{CA9B2482-2A5B-4666-B6EE-0BE6034FD9C7} = {C030D05C-AA23-4C91-A40A-047C4C8989DF}
		{7F2CF5FE-6AD1-4DDE-9F7D-A6FB3A1124E5} = {C030D05C-AA23-4C91-A40A-047C4C8989DF}
		{D9A562F1-25B4-49DA-98F6-2578FCBC1C4F} = {C030D05C-AA23-4C91-A40A-047C4C8989DF}
		{0F393CB7-0A8D-4BBA-A681-D4B78E22E89F} = {1EAE4385-197F-413F-8AFB-C80EBBD5ED64}
	EndGlobalSection
EndGlobal
