
Microsoft Visual Studio Solution File, Format Version 12.00
# Visual Studio 2013
VisualStudioVersion = 12.0.21005.1
MinimumVisualStudioVersion = 10.0.40219.1
Project("{FAE04EC0-301F-11D3-BF4B-00C04F79EFBC}") = "ApplicationBlock.Configuration", "ApplicationBlock\Configuration\ApplicationBlock.Configuration.csproj", "{CA9B2482-2A5B-4666-B6EE-0BE6034FD9C7}"
EndProject
Project("{2150E333-8FDC-42A3-9474-1A3956D46DE8}") = "01 Framework", "01 Framework", "{14255EFB-C9DC-4626-88E5-303AEB802EC8}"
EndProject
Project("{FAE04EC0-301F-11D3-BF4B-00C04F79EFBC}") = "ApplicationBlock.Content", "ApplicationBlock\Content\ApplicationBlock.Content.csproj", "{164878AB-D610-4035-8084-087C0A4FF20C}"
EndProject
Project("{FAE04EC0-301F-11D3-BF4B-00C04F79EFBC}") = "ApplicationBlock.Data", "ApplicationBlock\Data\ApplicationBlock.Data.csproj", "{F119DDC3-24DD-411E-B509-B8E41A011741}"
EndProject
Project("{FAE04EC0-301F-11D3-BF4B-00C04F79EFBC}") = "ApplicationBlock.Membership", "ApplicationBlock\Membership\ApplicationBlock.Membership.csproj", "{B4B22683-30E1-4F01-90AE-4DDF12691150}"
EndProject
Project("{FAE04EC0-301F-11D3-BF4B-00C04F79EFBC}") = "ApplicationBlock.Services", "ApplicationBlock\Services\ApplicationBlock.Services.csproj", "{007F6516-2552-47AD-BA5F-52BFB30EE8C4}"
EndProject
Project("{FAE04EC0-301F-11D3-BF4B-00C04F79EFBC}") = "Paramount.Utility", "ApplicationBlock\Utility\Paramount.Utility.csproj", "{7F2CF5FE-6AD1-4DDE-9F7D-A6FB3A1124E5}"
EndProject
Project("{2150E333-8FDC-42A3-9474-1A3956D46DE8}") = "03 Modules", "03 Modules", "{4C6F54A5-6C1E-40C3-B67C-33A76EA455EC}"
EndProject
Project("{2150E333-8FDC-42A3-9474-1A3956D46DE8}") = "02 Services", "02 Services", "{7116FBB6-130D-4A59-9C8A-A15680F0D4A7}"
EndProject
Project("{2150E333-8FDC-42A3-9474-1A3956D46DE8}") = "04 Applications", "04 Applications", "{328F405C-3398-4608-B8DA-62CCB3EE8627}"
EndProject
Project("{FAE04EC0-301F-11D3-BF4B-00C04F79EFBC}") = "Common.DataTransferObjects", "Services\DataTransferObjects\Common.DataTransferObjects.csproj", "{377F2216-9202-4DF9-9C5B-C2A4E627FFE2}"
EndProject
Project("{FAE04EC0-301F-11D3-BF4B-00C04F79EFBC}") = "Common.ServiceContracts", "Services\ServiceContracts\Common.ServiceContracts.csproj", "{97D730A7-D86A-4FA1-90E2-3DFCFD4C337A}"
EndProject
Project("{FAE04EC0-301F-11D3-BF4B-00C04F79EFBC}") = "Common.UI", "WebApplication\UI\Common.UI.csproj", "{32E18B88-521E-4887-BFBF-26B64797AF75}"
EndProject
Project("{FAE04EC0-301F-11D3-BF4B-00C04F79EFBC}") = "Common.UIController", "WebApplication\UIController\Common.UIController.csproj", "{0FBD88DA-96D9-4F11-A45A-2364A4184C37}"
EndProject
Project("{FAE04EC0-301F-11D3-BF4B-00C04F79EFBC}") = "Services.Host", "Services\Paramount.Services.Host\Services.Host.csproj", "{0A1F53F2-A714-4566-AF65-DC4ADA32C57E}"
EndProject
Project("{FAE04EC0-301F-11D3-BF4B-00C04F79EFBC}") = "Services", "Services\Paramount.Services\Services.csproj", "{0D95C52C-040E-4812-916C-165FAD269A51}"
EndProject
Project("{FAE04EC0-301F-11D3-BF4B-00C04F79EFBC}") = "Services.Proxy", "Services\Paramount.Services.Proxy\Services.Proxy.csproj", "{E560D316-27E8-4F4C-A6A4-F23B82651770}"
EndProject
Project("{FAE04EC0-301F-11D3-BF4B-00C04F79EFBC}") = "DataService", "Services\Paramount.DataService\DataService.csproj", "{E51B8388-9A02-40AD-97B4-2802AE77FB69}"
EndProject
Project("{FAE04EC0-301F-11D3-BF4B-00C04F79EFBC}") = "Modules.DSL.UIController", "Modules\DSL.UIController\Modules.DSL.UIController.csproj", "{E745F9B8-3967-44D3-9ADB-ABED1B3E3F9D}"
EndProject
Project("{FAE04EC0-301F-11D3-BF4B-00C04F79EFBC}") = "Modules.Broadcast.Components", "Modules\Broadcast.Components\Modules.Broadcast.Components.csproj", "{3091F288-C6F8-4E2D-9622-48B00ACE526B}"
EndProject
Project("{FAE04EC0-301F-11D3-BF4B-00C04F79EFBC}") = "Paramount.Betterclassified.Utilities", "ApplicationBlock\Betterclassifieds.Utility\Paramount.Betterclassified.Utilities.csproj", "{C1B1D4CC-E982-472D-8FE3-8719BA24D272}"
EndProject
Project("{F184B08F-C81C-45F6-A57F-5ABD9991F28F}") = "Paramount.Betterclassified.Xavier", "WebApplication\Xavier\Paramount.Betterclassified.Xavier.vbproj", "{B8A0E004-2AAB-4DDB-852D-BF8E740975C2}"
EndProject
Project("{FAE04EC0-301F-11D3-BF4B-00C04F79EFBC}") = "BetterClassified.UIController", "WebApplication\BetterClassified.UIController\BetterClassified.UIController.csproj", "{40730ADA-F229-4418-A953-0ED119FFD2A3}"
EndProject
Project("{FAE04EC0-301F-11D3-BF4B-00C04F79EFBC}") = "BetterClassified.UI", "WebApplication\BetterClassified.UI\BetterClassified.UI.csproj", "{04E24B49-191F-44B6-833F-361C559F7B18}"
EndProject
Project("{F184B08F-C81C-45F6-A57F-5ABD9991F28F}") = "iFlog", "WebApplication\iFlog\iFlog.vbproj", "{FEB858C0-B35D-4A07-A0EE-16F5B5BFC7EE}"
EndProject
Project("{F184B08F-C81C-45F6-A57F-5ABD9991F28F}") = "iFlogAdmin", "WebApplication\BetterclassifiedsAdmin\iFlogAdmin.vbproj", "{0075CD39-3A02-439F-A12A-699A8C979F53}"
EndProject
Project("{F184B08F-C81C-45F6-A57F-5ABD9991F28F}") = "BetterclassifiedsCore", "WebApplication\BetterclassifiedsCore\BetterclassifiedsCore.vbproj", "{0790D756-48F2-42C5-9985-7915D15ED88C}"
EndProject
Project("{FAE04EC0-301F-11D3-BF4B-00C04F79EFBC}") = "TaskScheduler", "TaskScheduler\TaskScheduler.csproj", "{5A595E8C-7861-415F-A193-A295E94CA22F}"
	ProjectSection(ProjectDependencies) = postProject
		{FEB858C0-B35D-4A07-A0EE-16F5B5BFC7EE} = {FEB858C0-B35D-4A07-A0EE-16F5B5BFC7EE}
	EndProjectSection
EndProject
Project("{2150E333-8FDC-42A3-9474-1A3956D46DE8}") = "05 Database", "05 Database", "{06813343-424A-4B8F-9CA9-A109CEA6303B}"
EndProject
Project("{FAE04EC0-301F-11D3-BF4B-00C04F79EFBC}") = "iFlogDatabase", "Database\iFlogDatabase\iFlogDatabase.csproj", "{E17C5429-4810-4589-9640-6D1828A6C71E}"
EndProject
Project("{FAE04EC0-301F-11D3-BF4B-00C04F79EFBC}") = "iFlogCoreDatabase", "Database\iFlogCoreDatabase\iFlogCoreDatabase.csproj", "{6B9ABBAE-F1A9-456B-AAA5-24AD1D459777}"
EndProject
Project("{FAE04EC0-301F-11D3-BF4B-00C04F79EFBC}") = "iFlogAppUserDatabase", "Database\iFlogAppUserDatabase\iFlogAppUserDatabase.csproj", "{0E32F93E-8E53-4469-BD63-3BFCE23468DD}"
EndProject
Project("{FAE04EC0-301F-11D3-BF4B-00C04F79EFBC}") = "iFlogLogDatabase", "Database\iFlogLogDatabase\iFlogLogDatabase.csproj", "{04979BB2-2132-46AF-B359-D83A243B97DE}"
EndProject
Project("{2150E333-8FDC-42A3-9474-1A3956D46DE8}") = "06 Tests", "06 Tests", "{1EAE4385-197F-413F-8AFB-C80EBBD5ED64}"
EndProject
Project("{FAE04EC0-301F-11D3-BF4B-00C04F79EFBC}") = "Paramount.Betterclassifieds.Tests.Functional", "Tests\Paramount.Betterclassifieds.Tests.Functional\Paramount.Betterclassifieds.Tests.Functional.csproj", "{45BBB0EB-4C95-41D5-BD6C-C7D980212144}"
EndProject
Project("{2150E333-8FDC-42A3-9474-1A3956D46DE8}") = "Nextgen", "Nextgen", "{091195C2-96DB-440E-981A-6E72379FDAEF}"
EndProject
Project("{FAE04EC0-301F-11D3-BF4B-00C04F79EFBC}") = "Paramount.Betterclassifieds.DataAccess", "DataLayer\Paramount.Betterclassifieds.DataAccess\Paramount.Betterclassifieds.DataAccess.csproj", "{80C5014D-7908-4CBC-B9B2-50535E481A53}"
EndProject
Project("{FAE04EC0-301F-11D3-BF4B-00C04F79EFBC}") = "Paramount.Betterclassifieds.Domain", "Domain\Paramount.Betterclassifieds.Domain\Paramount.Betterclassifieds.Domain.csproj", "{05BD1F8E-AC94-4746-816F-A2BF91FE5CDA}"
EndProject
Global
	GlobalSection(TeamFoundationVersionControl) = preSolution
		SccNumberOfProjects = 32
		SccEnterpriseProvider = {4CA58AB2-18FA-4F8D-95D4-32DDF27D184C}
		SccTeamFoundationServer = https://paramountit.visualstudio.com/defaultcollection
		SccProjectUniqueName0 = ApplicationBlock\\Configuration\\ApplicationBlock.Configuration.csproj
		SccProjectTopLevelParentUniqueName0 = iFlog.sln
		SccProjectName0 = ApplicationBlock/Configuration
		SccLocalPath0 = ApplicationBlock\\Configuration
		SccProjectUniqueName1 = ApplicationBlock\\Content\\ApplicationBlock.Content.csproj
		SccProjectTopLevelParentUniqueName1 = iFlog.sln
		SccProjectName1 = ApplicationBlock/Content
		SccLocalPath1 = ApplicationBlock\\Content
		SccProjectUniqueName2 = ApplicationBlock\\Data\\ApplicationBlock.Data.csproj
		SccProjectTopLevelParentUniqueName2 = iFlog.sln
		SccProjectName2 = ApplicationBlock/Data
		SccLocalPath2 = ApplicationBlock\\Data
		SccProjectUniqueName3 = ApplicationBlock\\Membership\\ApplicationBlock.Membership.csproj
		SccProjectTopLevelParentUniqueName3 = iFlog.sln
		SccProjectName3 = ApplicationBlock/Membership
		SccLocalPath3 = ApplicationBlock\\Membership
		SccProjectUniqueName4 = ApplicationBlock\\Services\\ApplicationBlock.Services.csproj
		SccProjectTopLevelParentUniqueName4 = iFlog.sln
		SccProjectName4 = ApplicationBlock/Services
		SccLocalPath4 = ApplicationBlock\\Services
		SccProjectUniqueName5 = ApplicationBlock\\Utility\\Paramount.Utility.csproj
		SccProjectTopLevelParentUniqueName5 = iFlog.sln
		SccProjectName5 = ApplicationBlock/Utility
		SccLocalPath5 = ApplicationBlock\\Utility
		SccProjectUniqueName6 = Services\\DataTransferObjects\\Common.DataTransferObjects.csproj
		SccProjectTopLevelParentUniqueName6 = iFlog.sln
		SccProjectName6 = Services/DataTransferObjects
		SccLocalPath6 = Services\\DataTransferObjects
		SccProjectUniqueName7 = Services\\ServiceContracts\\Common.ServiceContracts.csproj
		SccProjectTopLevelParentUniqueName7 = iFlog.sln
		SccProjectName7 = Services/ServiceContracts
		SccLocalPath7 = Services\\ServiceContracts
		SccProjectUniqueName8 = WebApplication\\UI\\Common.UI.csproj
		SccProjectTopLevelParentUniqueName8 = iFlog.sln
		SccProjectName8 = WebApplication/UI
		SccLocalPath8 = WebApplication\\UI
		SccProjectUniqueName9 = WebApplication\\UIController\\Common.UIController.csproj
		SccProjectTopLevelParentUniqueName9 = iFlog.sln
		SccProjectName9 = WebApplication/UIController
		SccLocalPath9 = WebApplication\\UIController
		SccProjectUniqueName10 = Services\\Paramount.Services.Host\\Services.Host.csproj
		SccProjectTopLevelParentUniqueName10 = iFlog.sln
		SccProjectName10 = Services/Paramount.Services.Host
		SccLocalPath10 = Services\\Paramount.Services.Host
		SccProjectUniqueName11 = Services\\Paramount.Services\\Services.csproj
		SccProjectTopLevelParentUniqueName11 = iFlog.sln
		SccProjectName11 = Services/Paramount.Services
		SccLocalPath11 = Services\\Paramount.Services
		SccProjectUniqueName12 = Services\\Paramount.Services.Proxy\\Services.Proxy.csproj
		SccProjectTopLevelParentUniqueName12 = iFlog.sln
		SccProjectName12 = Services/Paramount.Services.Proxy
		SccLocalPath12 = Services\\Paramount.Services.Proxy
		SccProjectUniqueName13 = Services\\Paramount.DataService\\DataService.csproj
		SccProjectTopLevelParentUniqueName13 = iFlog.sln
		SccProjectName13 = Services/Paramount.DataService
		SccLocalPath13 = Services\\Paramount.DataService
		SccProjectUniqueName14 = Modules\\Broadcast.Components\\Modules.Broadcast.Components.csproj
		SccProjectTopLevelParentUniqueName14 = iFlog.sln
		SccProjectName14 = Modules/Broadcast.Components
		SccLocalPath14 = Modules\\Broadcast.Components
		SccProjectUniqueName15 = WebApplication\\BetterclassifiedsCore\\BetterclassifiedsCore.vbproj
		SccProjectTopLevelParentUniqueName15 = iFlog.sln
		SccProjectName15 = WebApplication/BetterclassifiedsCore
		SccLocalPath15 = WebApplication\\BetterclassifiedsCore
		SccProjectUniqueName16 = WebApplication\\BetterclassifiedsAdmin\\iFlogAdmin.vbproj
		SccProjectTopLevelParentUniqueName16 = iFlog.sln
		SccProjectName16 = WebApplication/BetterclassifiedsAdmin
		SccLocalPath16 = WebApplication\\BetterclassifiedsAdmin
		SccProjectUniqueName17 = WebApplication\\iFlog\\iFlog.vbproj
		SccProjectTopLevelParentUniqueName17 = iFlog.sln
		SccProjectName17 = WebApplication/iFlog
		SccLocalPath17 = WebApplication\\iFlog
		SccProjectUniqueName18 = WebApplication\\BetterClassified.UI\\BetterClassified.UI.csproj
		SccProjectTopLevelParentUniqueName18 = iFlog.sln
		SccProjectName18 = WebApplication/BetterClassified.UI
		SccLocalPath18 = WebApplication\\BetterClassified.UI
		SccProjectUniqueName19 = WebApplication\\BetterClassified.UIController\\BetterClassified.UIController.csproj
		SccProjectTopLevelParentUniqueName19 = iFlog.sln
		SccProjectName19 = WebApplication/BetterClassified.UIController
		SccLocalPath19 = WebApplication\\BetterClassified.UIController
		SccProjectUniqueName20 = WebApplication\\Xavier\\Paramount.Betterclassified.Xavier.vbproj
		SccProjectTopLevelParentUniqueName20 = iFlog.sln
		SccProjectName20 = WebApplication/Xavier
		SccLocalPath20 = WebApplication\\Xavier
		SccProjectUniqueName21 = ApplicationBlock\\Betterclassifieds.Utility\\Paramount.Betterclassified.Utilities.csproj
		SccProjectTopLevelParentUniqueName21 = iFlog.sln
		SccProjectName21 = ApplicationBlock/Betterclassifieds.Utility
		SccLocalPath21 = ApplicationBlock\\Betterclassifieds.Utility
		SccProjectUniqueName22 = Database\\iFlogDatabase\\iFlogDatabase.csproj
		SccProjectTopLevelParentUniqueName22 = iFlog.sln
		SccProjectName22 = Database/iFlogDatabase
		SccLocalPath22 = Database\\iFlogDatabase
		SccProjectUniqueName23 = Database\\iFlogCoreDatabase\\iFlogCoreDatabase.csproj
		SccProjectTopLevelParentUniqueName23 = iFlog.sln
		SccProjectName23 = Database/iFlogCoreDatabase
		SccLocalPath23 = Database\\iFlogCoreDatabase
		SccProjectUniqueName24 = TaskScheduler\\TaskScheduler.csproj
		SccProjectTopLevelParentUniqueName24 = iFlog.sln
		SccProjectName24 = TaskScheduler
		SccLocalPath24 = TaskScheduler
		SccProjectUniqueName25 = Database\\iFlogAppUserDatabase\\iFlogAppUserDatabase.csproj
		SccProjectTopLevelParentUniqueName25 = iFlog.sln
		SccProjectName25 = Database/iFlogAppUserDatabase
		SccLocalPath25 = Database\\iFlogAppUserDatabase
		SccProjectUniqueName26 = Database\\iFlogLogDatabase\\iFlogLogDatabase.csproj
		SccProjectTopLevelParentUniqueName26 = iFlog.sln
		SccProjectName26 = Database/iFlogLogDatabase
		SccLocalPath26 = Database\\iFlogLogDatabase
		SccProjectUniqueName27 = Modules\\DSL.UIController\\Modules.DSL.UIController.csproj
		SccProjectTopLevelParentUniqueName27 = iFlog.sln
		SccProjectName27 = Modules/DSL.UIController
		SccLocalPath27 = Modules\\DSL.UIController
		SccProjectUniqueName28 = Tests\\Paramount.Betterclassifieds.Tests.Functional\\Paramount.Betterclassifieds.Tests.Functional.csproj
		SccProjectTopLevelParentUniqueName28 = iFlog.sln
		SccProjectName28 = Tests/Paramount.Betterclassifieds.Tests.Functional
		SccLocalPath28 = Tests\\Paramount.Betterclassifieds.Tests.Functional
		SccProjectUniqueName29 = DataLayer\\Paramount.Betterclassifieds.DataAccess\\Paramount.Betterclassifieds.DataAccess.csproj
		SccProjectTopLevelParentUniqueName29 = iFlog.sln
		SccProjectName29 = DataLayer/Paramount.Betterclassifieds.DataAccess
		SccLocalPath29 = DataLayer\\Paramount.Betterclassifieds.DataAccess
		SccProjectUniqueName30 = Domain\\Paramount.Betterclassifieds.Domain\\Paramount.Betterclassifieds.Domain.csproj
		SccProjectTopLevelParentUniqueName30 = iFlog.sln
		SccProjectName30 = Domain/Paramount.Betterclassifieds.Domain
		SccLocalPath30 = Domain\\Paramount.Betterclassifieds.Domain
		SccLocalPath31 = .
	EndGlobalSection
	GlobalSection(SolutionConfigurationPlatforms) = preSolution
		Debug|Any CPU = Debug|Any CPU
		Release|Any CPU = Release|Any CPU
		Test|Any CPU = Test|Any CPU
		Testing|Any CPU = Testing|Any CPU
	EndGlobalSection
	GlobalSection(ProjectConfigurationPlatforms) = postSolution
		{CA9B2482-2A5B-4666-B6EE-0BE6034FD9C7}.Debug|Any CPU.ActiveCfg = Debug|Any CPU
		{CA9B2482-2A5B-4666-B6EE-0BE6034FD9C7}.Debug|Any CPU.Build.0 = Debug|Any CPU
		{CA9B2482-2A5B-4666-B6EE-0BE6034FD9C7}.Release|Any CPU.ActiveCfg = Release|Any CPU
		{CA9B2482-2A5B-4666-B6EE-0BE6034FD9C7}.Release|Any CPU.Build.0 = Release|Any CPU
		{CA9B2482-2A5B-4666-B6EE-0BE6034FD9C7}.Test|Any CPU.ActiveCfg = Testing|Any CPU
		{CA9B2482-2A5B-4666-B6EE-0BE6034FD9C7}.Test|Any CPU.Build.0 = Testing|Any CPU
		{CA9B2482-2A5B-4666-B6EE-0BE6034FD9C7}.Testing|Any CPU.ActiveCfg = Testing|Any CPU
		{CA9B2482-2A5B-4666-B6EE-0BE6034FD9C7}.Testing|Any CPU.Build.0 = Testing|Any CPU
		{164878AB-D610-4035-8084-087C0A4FF20C}.Debug|Any CPU.ActiveCfg = Debug|Any CPU
		{164878AB-D610-4035-8084-087C0A4FF20C}.Debug|Any CPU.Build.0 = Debug|Any CPU
		{164878AB-D610-4035-8084-087C0A4FF20C}.Release|Any CPU.ActiveCfg = Release|Any CPU
		{164878AB-D610-4035-8084-087C0A4FF20C}.Release|Any CPU.Build.0 = Release|Any CPU
		{164878AB-D610-4035-8084-087C0A4FF20C}.Test|Any CPU.ActiveCfg = Release|Any CPU
		{164878AB-D610-4035-8084-087C0A4FF20C}.Test|Any CPU.Build.0 = Release|Any CPU
		{164878AB-D610-4035-8084-087C0A4FF20C}.Testing|Any CPU.ActiveCfg = Release|Any CPU
		{164878AB-D610-4035-8084-087C0A4FF20C}.Testing|Any CPU.Build.0 = Release|Any CPU
		{F119DDC3-24DD-411E-B509-B8E41A011741}.Debug|Any CPU.ActiveCfg = Debug|Any CPU
		{F119DDC3-24DD-411E-B509-B8E41A011741}.Debug|Any CPU.Build.0 = Debug|Any CPU
		{F119DDC3-24DD-411E-B509-B8E41A011741}.Release|Any CPU.ActiveCfg = Release|Any CPU
		{F119DDC3-24DD-411E-B509-B8E41A011741}.Release|Any CPU.Build.0 = Release|Any CPU
		{F119DDC3-24DD-411E-B509-B8E41A011741}.Test|Any CPU.ActiveCfg = Release|Any CPU
		{F119DDC3-24DD-411E-B509-B8E41A011741}.Test|Any CPU.Build.0 = Release|Any CPU
		{F119DDC3-24DD-411E-B509-B8E41A011741}.Testing|Any CPU.ActiveCfg = Release|Any CPU
		{F119DDC3-24DD-411E-B509-B8E41A011741}.Testing|Any CPU.Build.0 = Release|Any CPU
		{B4B22683-30E1-4F01-90AE-4DDF12691150}.Debug|Any CPU.ActiveCfg = Debug|Any CPU
		{B4B22683-30E1-4F01-90AE-4DDF12691150}.Debug|Any CPU.Build.0 = Debug|Any CPU
		{B4B22683-30E1-4F01-90AE-4DDF12691150}.Release|Any CPU.ActiveCfg = Release|Any CPU
		{B4B22683-30E1-4F01-90AE-4DDF12691150}.Release|Any CPU.Build.0 = Release|Any CPU
		{B4B22683-30E1-4F01-90AE-4DDF12691150}.Test|Any CPU.ActiveCfg = Testing|Any CPU
		{B4B22683-30E1-4F01-90AE-4DDF12691150}.Test|Any CPU.Build.0 = Testing|Any CPU
		{B4B22683-30E1-4F01-90AE-4DDF12691150}.Testing|Any CPU.ActiveCfg = Testing|Any CPU
		{B4B22683-30E1-4F01-90AE-4DDF12691150}.Testing|Any CPU.Build.0 = Testing|Any CPU
		{007F6516-2552-47AD-BA5F-52BFB30EE8C4}.Debug|Any CPU.ActiveCfg = Debug|Any CPU
		{007F6516-2552-47AD-BA5F-52BFB30EE8C4}.Debug|Any CPU.Build.0 = Debug|Any CPU
		{007F6516-2552-47AD-BA5F-52BFB30EE8C4}.Release|Any CPU.ActiveCfg = Release|Any CPU
		{007F6516-2552-47AD-BA5F-52BFB30EE8C4}.Release|Any CPU.Build.0 = Release|Any CPU
		{007F6516-2552-47AD-BA5F-52BFB30EE8C4}.Test|Any CPU.ActiveCfg = Release|Any CPU
		{007F6516-2552-47AD-BA5F-52BFB30EE8C4}.Test|Any CPU.Build.0 = Release|Any CPU
		{007F6516-2552-47AD-BA5F-52BFB30EE8C4}.Testing|Any CPU.ActiveCfg = Release|Any CPU
		{007F6516-2552-47AD-BA5F-52BFB30EE8C4}.Testing|Any CPU.Build.0 = Release|Any CPU
		{7F2CF5FE-6AD1-4DDE-9F7D-A6FB3A1124E5}.Debug|Any CPU.ActiveCfg = Debug|Any CPU
		{7F2CF5FE-6AD1-4DDE-9F7D-A6FB3A1124E5}.Debug|Any CPU.Build.0 = Debug|Any CPU
		{7F2CF5FE-6AD1-4DDE-9F7D-A6FB3A1124E5}.Release|Any CPU.ActiveCfg = Release|Any CPU
		{7F2CF5FE-6AD1-4DDE-9F7D-A6FB3A1124E5}.Release|Any CPU.Build.0 = Release|Any CPU
		{7F2CF5FE-6AD1-4DDE-9F7D-A6FB3A1124E5}.Test|Any CPU.ActiveCfg = Testing|Any CPU
		{7F2CF5FE-6AD1-4DDE-9F7D-A6FB3A1124E5}.Test|Any CPU.Build.0 = Testing|Any CPU
		{7F2CF5FE-6AD1-4DDE-9F7D-A6FB3A1124E5}.Testing|Any CPU.ActiveCfg = Testing|Any CPU
		{7F2CF5FE-6AD1-4DDE-9F7D-A6FB3A1124E5}.Testing|Any CPU.Build.0 = Testing|Any CPU
		{377F2216-9202-4DF9-9C5B-C2A4E627FFE2}.Debug|Any CPU.ActiveCfg = Debug|Any CPU
		{377F2216-9202-4DF9-9C5B-C2A4E627FFE2}.Debug|Any CPU.Build.0 = Debug|Any CPU
		{377F2216-9202-4DF9-9C5B-C2A4E627FFE2}.Release|Any CPU.ActiveCfg = Release|Any CPU
		{377F2216-9202-4DF9-9C5B-C2A4E627FFE2}.Release|Any CPU.Build.0 = Release|Any CPU
		{377F2216-9202-4DF9-9C5B-C2A4E627FFE2}.Test|Any CPU.ActiveCfg = Release|Any CPU
		{377F2216-9202-4DF9-9C5B-C2A4E627FFE2}.Test|Any CPU.Build.0 = Release|Any CPU
		{377F2216-9202-4DF9-9C5B-C2A4E627FFE2}.Testing|Any CPU.ActiveCfg = Release|Any CPU
		{377F2216-9202-4DF9-9C5B-C2A4E627FFE2}.Testing|Any CPU.Build.0 = Release|Any CPU
		{97D730A7-D86A-4FA1-90E2-3DFCFD4C337A}.Debug|Any CPU.ActiveCfg = Debug|Any CPU
		{97D730A7-D86A-4FA1-90E2-3DFCFD4C337A}.Debug|Any CPU.Build.0 = Debug|Any CPU
		{97D730A7-D86A-4FA1-90E2-3DFCFD4C337A}.Release|Any CPU.ActiveCfg = Release|Any CPU
		{97D730A7-D86A-4FA1-90E2-3DFCFD4C337A}.Release|Any CPU.Build.0 = Release|Any CPU
		{97D730A7-D86A-4FA1-90E2-3DFCFD4C337A}.Test|Any CPU.ActiveCfg = Release|Any CPU
		{97D730A7-D86A-4FA1-90E2-3DFCFD4C337A}.Test|Any CPU.Build.0 = Release|Any CPU
		{97D730A7-D86A-4FA1-90E2-3DFCFD4C337A}.Testing|Any CPU.ActiveCfg = Release|Any CPU
		{97D730A7-D86A-4FA1-90E2-3DFCFD4C337A}.Testing|Any CPU.Build.0 = Release|Any CPU
		{32E18B88-521E-4887-BFBF-26B64797AF75}.Debug|Any CPU.ActiveCfg = Debug|Any CPU
		{32E18B88-521E-4887-BFBF-26B64797AF75}.Debug|Any CPU.Build.0 = Debug|Any CPU
		{32E18B88-521E-4887-BFBF-26B64797AF75}.Release|Any CPU.ActiveCfg = Release|Any CPU
		{32E18B88-521E-4887-BFBF-26B64797AF75}.Release|Any CPU.Build.0 = Release|Any CPU
		{32E18B88-521E-4887-BFBF-26B64797AF75}.Test|Any CPU.ActiveCfg = Release|Any CPU
		{32E18B88-521E-4887-BFBF-26B64797AF75}.Test|Any CPU.Build.0 = Release|Any CPU
		{32E18B88-521E-4887-BFBF-26B64797AF75}.Testing|Any CPU.ActiveCfg = Release|Any CPU
		{32E18B88-521E-4887-BFBF-26B64797AF75}.Testing|Any CPU.Build.0 = Release|Any CPU
		{0FBD88DA-96D9-4F11-A45A-2364A4184C37}.Debug|Any CPU.ActiveCfg = Debug|Any CPU
		{0FBD88DA-96D9-4F11-A45A-2364A4184C37}.Debug|Any CPU.Build.0 = Debug|Any CPU
		{0FBD88DA-96D9-4F11-A45A-2364A4184C37}.Release|Any CPU.ActiveCfg = Release|Any CPU
		{0FBD88DA-96D9-4F11-A45A-2364A4184C37}.Release|Any CPU.Build.0 = Release|Any CPU
		{0FBD88DA-96D9-4F11-A45A-2364A4184C37}.Test|Any CPU.ActiveCfg = Release|Any CPU
		{0FBD88DA-96D9-4F11-A45A-2364A4184C37}.Test|Any CPU.Build.0 = Release|Any CPU
		{0FBD88DA-96D9-4F11-A45A-2364A4184C37}.Testing|Any CPU.ActiveCfg = Release|Any CPU
		{0FBD88DA-96D9-4F11-A45A-2364A4184C37}.Testing|Any CPU.Build.0 = Release|Any CPU
		{0A1F53F2-A714-4566-AF65-DC4ADA32C57E}.Debug|Any CPU.ActiveCfg = Debug|Any CPU
		{0A1F53F2-A714-4566-AF65-DC4ADA32C57E}.Debug|Any CPU.Build.0 = Debug|Any CPU
		{0A1F53F2-A714-4566-AF65-DC4ADA32C57E}.Release|Any CPU.ActiveCfg = Release|Any CPU
		{0A1F53F2-A714-4566-AF65-DC4ADA32C57E}.Release|Any CPU.Build.0 = Release|Any CPU
		{0A1F53F2-A714-4566-AF65-DC4ADA32C57E}.Test|Any CPU.ActiveCfg = Release|Any CPU
		{0A1F53F2-A714-4566-AF65-DC4ADA32C57E}.Test|Any CPU.Build.0 = Release|Any CPU
		{0A1F53F2-A714-4566-AF65-DC4ADA32C57E}.Testing|Any CPU.ActiveCfg = Release|Any CPU
		{0A1F53F2-A714-4566-AF65-DC4ADA32C57E}.Testing|Any CPU.Build.0 = Release|Any CPU
		{0D95C52C-040E-4812-916C-165FAD269A51}.Debug|Any CPU.ActiveCfg = Debug|Any CPU
		{0D95C52C-040E-4812-916C-165FAD269A51}.Debug|Any CPU.Build.0 = Debug|Any CPU
		{0D95C52C-040E-4812-916C-165FAD269A51}.Release|Any CPU.ActiveCfg = Release|Any CPU
		{0D95C52C-040E-4812-916C-165FAD269A51}.Release|Any CPU.Build.0 = Release|Any CPU
		{0D95C52C-040E-4812-916C-165FAD269A51}.Test|Any CPU.ActiveCfg = Release|Any CPU
		{0D95C52C-040E-4812-916C-165FAD269A51}.Test|Any CPU.Build.0 = Release|Any CPU
		{0D95C52C-040E-4812-916C-165FAD269A51}.Testing|Any CPU.ActiveCfg = Release|Any CPU
		{0D95C52C-040E-4812-916C-165FAD269A51}.Testing|Any CPU.Build.0 = Release|Any CPU
		{E560D316-27E8-4F4C-A6A4-F23B82651770}.Debug|Any CPU.ActiveCfg = Debug|Any CPU
		{E560D316-27E8-4F4C-A6A4-F23B82651770}.Debug|Any CPU.Build.0 = Debug|Any CPU
		{E560D316-27E8-4F4C-A6A4-F23B82651770}.Release|Any CPU.ActiveCfg = Release|Any CPU
		{E560D316-27E8-4F4C-A6A4-F23B82651770}.Release|Any CPU.Build.0 = Release|Any CPU
		{E560D316-27E8-4F4C-A6A4-F23B82651770}.Test|Any CPU.ActiveCfg = Release|Any CPU
		{E560D316-27E8-4F4C-A6A4-F23B82651770}.Test|Any CPU.Build.0 = Release|Any CPU
		{E560D316-27E8-4F4C-A6A4-F23B82651770}.Testing|Any CPU.ActiveCfg = Release|Any CPU
		{E560D316-27E8-4F4C-A6A4-F23B82651770}.Testing|Any CPU.Build.0 = Release|Any CPU
		{E51B8388-9A02-40AD-97B4-2802AE77FB69}.Debug|Any CPU.ActiveCfg = Debug|Any CPU
		{E51B8388-9A02-40AD-97B4-2802AE77FB69}.Debug|Any CPU.Build.0 = Debug|Any CPU
		{E51B8388-9A02-40AD-97B4-2802AE77FB69}.Release|Any CPU.ActiveCfg = Release|Any CPU
		{E51B8388-9A02-40AD-97B4-2802AE77FB69}.Release|Any CPU.Build.0 = Release|Any CPU
		{E51B8388-9A02-40AD-97B4-2802AE77FB69}.Test|Any CPU.ActiveCfg = Release|Any CPU
		{E51B8388-9A02-40AD-97B4-2802AE77FB69}.Test|Any CPU.Build.0 = Release|Any CPU
		{E51B8388-9A02-40AD-97B4-2802AE77FB69}.Testing|Any CPU.ActiveCfg = Release|Any CPU
		{E51B8388-9A02-40AD-97B4-2802AE77FB69}.Testing|Any CPU.Build.0 = Release|Any CPU
		{E745F9B8-3967-44D3-9ADB-ABED1B3E3F9D}.Debug|Any CPU.ActiveCfg = Debug|Any CPU
		{E745F9B8-3967-44D3-9ADB-ABED1B3E3F9D}.Debug|Any CPU.Build.0 = Debug|Any CPU
		{E745F9B8-3967-44D3-9ADB-ABED1B3E3F9D}.Release|Any CPU.ActiveCfg = Release|Any CPU
		{E745F9B8-3967-44D3-9ADB-ABED1B3E3F9D}.Release|Any CPU.Build.0 = Release|Any CPU
		{E745F9B8-3967-44D3-9ADB-ABED1B3E3F9D}.Test|Any CPU.ActiveCfg = Release|Any CPU
		{E745F9B8-3967-44D3-9ADB-ABED1B3E3F9D}.Test|Any CPU.Build.0 = Release|Any CPU
		{E745F9B8-3967-44D3-9ADB-ABED1B3E3F9D}.Testing|Any CPU.ActiveCfg = Release|Any CPU
		{E745F9B8-3967-44D3-9ADB-ABED1B3E3F9D}.Testing|Any CPU.Build.0 = Release|Any CPU
		{3091F288-C6F8-4E2D-9622-48B00ACE526B}.Debug|Any CPU.ActiveCfg = Debug|Any CPU
		{3091F288-C6F8-4E2D-9622-48B00ACE526B}.Debug|Any CPU.Build.0 = Debug|Any CPU
		{3091F288-C6F8-4E2D-9622-48B00ACE526B}.Release|Any CPU.ActiveCfg = Release|Any CPU
		{3091F288-C6F8-4E2D-9622-48B00ACE526B}.Release|Any CPU.Build.0 = Release|Any CPU
		{3091F288-C6F8-4E2D-9622-48B00ACE526B}.Test|Any CPU.ActiveCfg = Release|Any CPU
		{3091F288-C6F8-4E2D-9622-48B00ACE526B}.Test|Any CPU.Build.0 = Release|Any CPU
		{3091F288-C6F8-4E2D-9622-48B00ACE526B}.Testing|Any CPU.ActiveCfg = Release|Any CPU
		{3091F288-C6F8-4E2D-9622-48B00ACE526B}.Testing|Any CPU.Build.0 = Release|Any CPU
		{C1B1D4CC-E982-472D-8FE3-8719BA24D272}.Debug|Any CPU.ActiveCfg = Debug|Any CPU
		{C1B1D4CC-E982-472D-8FE3-8719BA24D272}.Debug|Any CPU.Build.0 = Debug|Any CPU
		{C1B1D4CC-E982-472D-8FE3-8719BA24D272}.Release|Any CPU.ActiveCfg = Release|Any CPU
		{C1B1D4CC-E982-472D-8FE3-8719BA24D272}.Release|Any CPU.Build.0 = Release|Any CPU
		{C1B1D4CC-E982-472D-8FE3-8719BA24D272}.Test|Any CPU.ActiveCfg = Test|Any CPU
		{C1B1D4CC-E982-472D-8FE3-8719BA24D272}.Test|Any CPU.Build.0 = Test|Any CPU
		{C1B1D4CC-E982-472D-8FE3-8719BA24D272}.Testing|Any CPU.ActiveCfg = Testing|Any CPU
		{C1B1D4CC-E982-472D-8FE3-8719BA24D272}.Testing|Any CPU.Build.0 = Testing|Any CPU
		{B8A0E004-2AAB-4DDB-852D-BF8E740975C2}.Debug|Any CPU.ActiveCfg = Debug|Any CPU
		{B8A0E004-2AAB-4DDB-852D-BF8E740975C2}.Debug|Any CPU.Build.0 = Debug|Any CPU
		{B8A0E004-2AAB-4DDB-852D-BF8E740975C2}.Release|Any CPU.ActiveCfg = Release|Any CPU
		{B8A0E004-2AAB-4DDB-852D-BF8E740975C2}.Release|Any CPU.Build.0 = Release|Any CPU
		{B8A0E004-2AAB-4DDB-852D-BF8E740975C2}.Test|Any CPU.ActiveCfg = Test|Any CPU
		{B8A0E004-2AAB-4DDB-852D-BF8E740975C2}.Test|Any CPU.Build.0 = Test|Any CPU
		{B8A0E004-2AAB-4DDB-852D-BF8E740975C2}.Testing|Any CPU.ActiveCfg = Testing|Any CPU
		{B8A0E004-2AAB-4DDB-852D-BF8E740975C2}.Testing|Any CPU.Build.0 = Testing|Any CPU
		{40730ADA-F229-4418-A953-0ED119FFD2A3}.Debug|Any CPU.ActiveCfg = Debug|Any CPU
		{40730ADA-F229-4418-A953-0ED119FFD2A3}.Debug|Any CPU.Build.0 = Debug|Any CPU
		{40730ADA-F229-4418-A953-0ED119FFD2A3}.Release|Any CPU.ActiveCfg = Release|Any CPU
		{40730ADA-F229-4418-A953-0ED119FFD2A3}.Release|Any CPU.Build.0 = Release|Any CPU
		{40730ADA-F229-4418-A953-0ED119FFD2A3}.Test|Any CPU.ActiveCfg = Test|Any CPU
		{40730ADA-F229-4418-A953-0ED119FFD2A3}.Test|Any CPU.Build.0 = Test|Any CPU
		{40730ADA-F229-4418-A953-0ED119FFD2A3}.Testing|Any CPU.ActiveCfg = Testing|Any CPU
		{40730ADA-F229-4418-A953-0ED119FFD2A3}.Testing|Any CPU.Build.0 = Testing|Any CPU
		{04E24B49-191F-44B6-833F-361C559F7B18}.Debug|Any CPU.ActiveCfg = Debug|Any CPU
		{04E24B49-191F-44B6-833F-361C559F7B18}.Debug|Any CPU.Build.0 = Debug|Any CPU
		{04E24B49-191F-44B6-833F-361C559F7B18}.Release|Any CPU.ActiveCfg = Release|Any CPU
		{04E24B49-191F-44B6-833F-361C559F7B18}.Release|Any CPU.Build.0 = Release|Any CPU
		{04E24B49-191F-44B6-833F-361C559F7B18}.Test|Any CPU.ActiveCfg = Test|Any CPU
		{04E24B49-191F-44B6-833F-361C559F7B18}.Test|Any CPU.Build.0 = Test|Any CPU
		{04E24B49-191F-44B6-833F-361C559F7B18}.Testing|Any CPU.ActiveCfg = Testing|Any CPU
		{04E24B49-191F-44B6-833F-361C559F7B18}.Testing|Any CPU.Build.0 = Testing|Any CPU
		{FEB858C0-B35D-4A07-A0EE-16F5B5BFC7EE}.Debug|Any CPU.ActiveCfg = Debug|Any CPU
		{FEB858C0-B35D-4A07-A0EE-16F5B5BFC7EE}.Debug|Any CPU.Build.0 = Debug|Any CPU
		{FEB858C0-B35D-4A07-A0EE-16F5B5BFC7EE}.Release|Any CPU.ActiveCfg = Release|Any CPU
		{FEB858C0-B35D-4A07-A0EE-16F5B5BFC7EE}.Release|Any CPU.Build.0 = Release|Any CPU
		{FEB858C0-B35D-4A07-A0EE-16F5B5BFC7EE}.Test|Any CPU.ActiveCfg = Testing|Any CPU
		{FEB858C0-B35D-4A07-A0EE-16F5B5BFC7EE}.Test|Any CPU.Build.0 = Testing|Any CPU
		{FEB858C0-B35D-4A07-A0EE-16F5B5BFC7EE}.Testing|Any CPU.ActiveCfg = Testing|Any CPU
		{FEB858C0-B35D-4A07-A0EE-16F5B5BFC7EE}.Testing|Any CPU.Build.0 = Testing|Any CPU
		{0075CD39-3A02-439F-A12A-699A8C979F53}.Debug|Any CPU.ActiveCfg = Debug|Any CPU
		{0075CD39-3A02-439F-A12A-699A8C979F53}.Debug|Any CPU.Build.0 = Debug|Any CPU
		{0075CD39-3A02-439F-A12A-699A8C979F53}.Release|Any CPU.ActiveCfg = Release|Any CPU
		{0075CD39-3A02-439F-A12A-699A8C979F53}.Release|Any CPU.Build.0 = Release|Any CPU
		{0075CD39-3A02-439F-A12A-699A8C979F53}.Test|Any CPU.ActiveCfg = Test|Any CPU
		{0075CD39-3A02-439F-A12A-699A8C979F53}.Test|Any CPU.Build.0 = Test|Any CPU
		{0075CD39-3A02-439F-A12A-699A8C979F53}.Testing|Any CPU.ActiveCfg = Testing|Any CPU
		{0075CD39-3A02-439F-A12A-699A8C979F53}.Testing|Any CPU.Build.0 = Testing|Any CPU
		{0790D756-48F2-42C5-9985-7915D15ED88C}.Debug|Any CPU.ActiveCfg = Debug|Any CPU
		{0790D756-48F2-42C5-9985-7915D15ED88C}.Debug|Any CPU.Build.0 = Debug|Any CPU
		{0790D756-48F2-42C5-9985-7915D15ED88C}.Release|Any CPU.ActiveCfg = Release|Any CPU
		{0790D756-48F2-42C5-9985-7915D15ED88C}.Release|Any CPU.Build.0 = Release|Any CPU
		{0790D756-48F2-42C5-9985-7915D15ED88C}.Test|Any CPU.ActiveCfg = Test|Any CPU
		{0790D756-48F2-42C5-9985-7915D15ED88C}.Test|Any CPU.Build.0 = Test|Any CPU
		{0790D756-48F2-42C5-9985-7915D15ED88C}.Testing|Any CPU.ActiveCfg = Testing|Any CPU
		{0790D756-48F2-42C5-9985-7915D15ED88C}.Testing|Any CPU.Build.0 = Testing|Any CPU
		{5A595E8C-7861-415F-A193-A295E94CA22F}.Debug|Any CPU.ActiveCfg = Debug|Any CPU
		{5A595E8C-7861-415F-A193-A295E94CA22F}.Debug|Any CPU.Build.0 = Debug|Any CPU
		{5A595E8C-7861-415F-A193-A295E94CA22F}.Release|Any CPU.ActiveCfg = Release|Any CPU
		{5A595E8C-7861-415F-A193-A295E94CA22F}.Release|Any CPU.Build.0 = Release|Any CPU
		{5A595E8C-7861-415F-A193-A295E94CA22F}.Test|Any CPU.ActiveCfg = Release|Any CPU
		{5A595E8C-7861-415F-A193-A295E94CA22F}.Test|Any CPU.Build.0 = Release|Any CPU
		{5A595E8C-7861-415F-A193-A295E94CA22F}.Testing|Any CPU.ActiveCfg = Release|Any CPU
		{5A595E8C-7861-415F-A193-A295E94CA22F}.Testing|Any CPU.Build.0 = Release|Any CPU
		{E17C5429-4810-4589-9640-6D1828A6C71E}.Debug|Any CPU.ActiveCfg = Debug|Any CPU
		{E17C5429-4810-4589-9640-6D1828A6C71E}.Debug|Any CPU.Build.0 = Debug|Any CPU
		{E17C5429-4810-4589-9640-6D1828A6C71E}.Release|Any CPU.ActiveCfg = Release|Any CPU
		{E17C5429-4810-4589-9640-6D1828A6C71E}.Release|Any CPU.Build.0 = Release|Any CPU
		{E17C5429-4810-4589-9640-6D1828A6C71E}.Test|Any CPU.ActiveCfg = Release|Any CPU
		{E17C5429-4810-4589-9640-6D1828A6C71E}.Test|Any CPU.Build.0 = Release|Any CPU
		{E17C5429-4810-4589-9640-6D1828A6C71E}.Testing|Any CPU.ActiveCfg = Release|Any CPU
		{E17C5429-4810-4589-9640-6D1828A6C71E}.Testing|Any CPU.Build.0 = Release|Any CPU
		{6B9ABBAE-F1A9-456B-AAA5-24AD1D459777}.Debug|Any CPU.ActiveCfg = Debug|Any CPU
		{6B9ABBAE-F1A9-456B-AAA5-24AD1D459777}.Debug|Any CPU.Build.0 = Debug|Any CPU
		{6B9ABBAE-F1A9-456B-AAA5-24AD1D459777}.Release|Any CPU.ActiveCfg = Release|Any CPU
		{6B9ABBAE-F1A9-456B-AAA5-24AD1D459777}.Release|Any CPU.Build.0 = Release|Any CPU
		{6B9ABBAE-F1A9-456B-AAA5-24AD1D459777}.Test|Any CPU.ActiveCfg = Release|Any CPU
		{6B9ABBAE-F1A9-456B-AAA5-24AD1D459777}.Test|Any CPU.Build.0 = Release|Any CPU
		{6B9ABBAE-F1A9-456B-AAA5-24AD1D459777}.Testing|Any CPU.ActiveCfg = Release|Any CPU
		{6B9ABBAE-F1A9-456B-AAA5-24AD1D459777}.Testing|Any CPU.Build.0 = Release|Any CPU
		{0E32F93E-8E53-4469-BD63-3BFCE23468DD}.Debug|Any CPU.ActiveCfg = Debug|Any CPU
		{0E32F93E-8E53-4469-BD63-3BFCE23468DD}.Debug|Any CPU.Build.0 = Debug|Any CPU
		{0E32F93E-8E53-4469-BD63-3BFCE23468DD}.Release|Any CPU.ActiveCfg = Release|Any CPU
		{0E32F93E-8E53-4469-BD63-3BFCE23468DD}.Release|Any CPU.Build.0 = Release|Any CPU
		{0E32F93E-8E53-4469-BD63-3BFCE23468DD}.Test|Any CPU.ActiveCfg = Release|Any CPU
		{0E32F93E-8E53-4469-BD63-3BFCE23468DD}.Test|Any CPU.Build.0 = Release|Any CPU
		{0E32F93E-8E53-4469-BD63-3BFCE23468DD}.Testing|Any CPU.ActiveCfg = Release|Any CPU
		{0E32F93E-8E53-4469-BD63-3BFCE23468DD}.Testing|Any CPU.Build.0 = Release|Any CPU
		{04979BB2-2132-46AF-B359-D83A243B97DE}.Debug|Any CPU.ActiveCfg = Debug|Any CPU
		{04979BB2-2132-46AF-B359-D83A243B97DE}.Debug|Any CPU.Build.0 = Debug|Any CPU
		{04979BB2-2132-46AF-B359-D83A243B97DE}.Release|Any CPU.ActiveCfg = Release|Any CPU
		{04979BB2-2132-46AF-B359-D83A243B97DE}.Release|Any CPU.Build.0 = Release|Any CPU
		{04979BB2-2132-46AF-B359-D83A243B97DE}.Test|Any CPU.ActiveCfg = Release|Any CPU
		{04979BB2-2132-46AF-B359-D83A243B97DE}.Test|Any CPU.Build.0 = Release|Any CPU
		{04979BB2-2132-46AF-B359-D83A243B97DE}.Testing|Any CPU.ActiveCfg = Release|Any CPU
		{04979BB2-2132-46AF-B359-D83A243B97DE}.Testing|Any CPU.Build.0 = Release|Any CPU
		{45BBB0EB-4C95-41D5-BD6C-C7D980212144}.Debug|Any CPU.ActiveCfg = Debug|Any CPU
		{45BBB0EB-4C95-41D5-BD6C-C7D980212144}.Debug|Any CPU.Build.0 = Debug|Any CPU
		{45BBB0EB-4C95-41D5-BD6C-C7D980212144}.Release|Any CPU.ActiveCfg = Release|Any CPU
		{45BBB0EB-4C95-41D5-BD6C-C7D980212144}.Release|Any CPU.Build.0 = Release|Any CPU
		{45BBB0EB-4C95-41D5-BD6C-C7D980212144}.Test|Any CPU.ActiveCfg = Release|Any CPU
		{45BBB0EB-4C95-41D5-BD6C-C7D980212144}.Test|Any CPU.Build.0 = Release|Any CPU
		{45BBB0EB-4C95-41D5-BD6C-C7D980212144}.Testing|Any CPU.ActiveCfg = Release|Any CPU
		{45BBB0EB-4C95-41D5-BD6C-C7D980212144}.Testing|Any CPU.Build.0 = Release|Any CPU
		{80C5014D-7908-4CBC-B9B2-50535E481A53}.Debug|Any CPU.ActiveCfg = Debug|Any CPU
		{80C5014D-7908-4CBC-B9B2-50535E481A53}.Debug|Any CPU.Build.0 = Debug|Any CPU
		{80C5014D-7908-4CBC-B9B2-50535E481A53}.Release|Any CPU.ActiveCfg = Release|Any CPU
		{80C5014D-7908-4CBC-B9B2-50535E481A53}.Release|Any CPU.Build.0 = Release|Any CPU
		{80C5014D-7908-4CBC-B9B2-50535E481A53}.Test|Any CPU.ActiveCfg = Release|Any CPU
		{80C5014D-7908-4CBC-B9B2-50535E481A53}.Test|Any CPU.Build.0 = Release|Any CPU
		{80C5014D-7908-4CBC-B9B2-50535E481A53}.Testing|Any CPU.ActiveCfg = Release|Any CPU
		{80C5014D-7908-4CBC-B9B2-50535E481A53}.Testing|Any CPU.Build.0 = Release|Any CPU
		{05BD1F8E-AC94-4746-816F-A2BF91FE5CDA}.Debug|Any CPU.ActiveCfg = Debug|Any CPU
		{05BD1F8E-AC94-4746-816F-A2BF91FE5CDA}.Debug|Any CPU.Build.0 = Debug|Any CPU
		{05BD1F8E-AC94-4746-816F-A2BF91FE5CDA}.Release|Any CPU.ActiveCfg = Release|Any CPU
		{05BD1F8E-AC94-4746-816F-A2BF91FE5CDA}.Release|Any CPU.Build.0 = Release|Any CPU
		{05BD1F8E-AC94-4746-816F-A2BF91FE5CDA}.Test|Any CPU.ActiveCfg = Release|Any CPU
		{05BD1F8E-AC94-4746-816F-A2BF91FE5CDA}.Test|Any CPU.Build.0 = Release|Any CPU
		{05BD1F8E-AC94-4746-816F-A2BF91FE5CDA}.Testing|Any CPU.ActiveCfg = Release|Any CPU
		{05BD1F8E-AC94-4746-816F-A2BF91FE5CDA}.Testing|Any CPU.Build.0 = Release|Any CPU
	EndGlobalSection
	GlobalSection(SolutionProperties) = preSolution
		HideSolutionNode = FALSE
	EndGlobalSection
	GlobalSection(NestedProjects) = preSolution
		{CA9B2482-2A5B-4666-B6EE-0BE6034FD9C7} = {14255EFB-C9DC-4626-88E5-303AEB802EC8}
		{164878AB-D610-4035-8084-087C0A4FF20C} = {14255EFB-C9DC-4626-88E5-303AEB802EC8}
		{F119DDC3-24DD-411E-B509-B8E41A011741} = {14255EFB-C9DC-4626-88E5-303AEB802EC8}
		{B4B22683-30E1-4F01-90AE-4DDF12691150} = {14255EFB-C9DC-4626-88E5-303AEB802EC8}
		{007F6516-2552-47AD-BA5F-52BFB30EE8C4} = {14255EFB-C9DC-4626-88E5-303AEB802EC8}
		{7F2CF5FE-6AD1-4DDE-9F7D-A6FB3A1124E5} = {14255EFB-C9DC-4626-88E5-303AEB802EC8}
		{C1B1D4CC-E982-472D-8FE3-8719BA24D272} = {14255EFB-C9DC-4626-88E5-303AEB802EC8}
		{B8A0E004-2AAB-4DDB-852D-BF8E740975C2} = {14255EFB-C9DC-4626-88E5-303AEB802EC8}
		{32E18B88-521E-4887-BFBF-26B64797AF75} = {4C6F54A5-6C1E-40C3-B67C-33A76EA455EC}
		{0FBD88DA-96D9-4F11-A45A-2364A4184C37} = {4C6F54A5-6C1E-40C3-B67C-33A76EA455EC}
		{E745F9B8-3967-44D3-9ADB-ABED1B3E3F9D} = {4C6F54A5-6C1E-40C3-B67C-33A76EA455EC}
		{3091F288-C6F8-4E2D-9622-48B00ACE526B} = {4C6F54A5-6C1E-40C3-B67C-33A76EA455EC}
		{40730ADA-F229-4418-A953-0ED119FFD2A3} = {4C6F54A5-6C1E-40C3-B67C-33A76EA455EC}
		{04E24B49-191F-44B6-833F-361C559F7B18} = {4C6F54A5-6C1E-40C3-B67C-33A76EA455EC}
		{0790D756-48F2-42C5-9985-7915D15ED88C} = {4C6F54A5-6C1E-40C3-B67C-33A76EA455EC}
		{377F2216-9202-4DF9-9C5B-C2A4E627FFE2} = {7116FBB6-130D-4A59-9C8A-A15680F0D4A7}
		{97D730A7-D86A-4FA1-90E2-3DFCFD4C337A} = {7116FBB6-130D-4A59-9C8A-A15680F0D4A7}
		{0A1F53F2-A714-4566-AF65-DC4ADA32C57E} = {7116FBB6-130D-4A59-9C8A-A15680F0D4A7}
		{0D95C52C-040E-4812-916C-165FAD269A51} = {7116FBB6-130D-4A59-9C8A-A15680F0D4A7}
		{E560D316-27E8-4F4C-A6A4-F23B82651770} = {7116FBB6-130D-4A59-9C8A-A15680F0D4A7}
		{E51B8388-9A02-40AD-97B4-2802AE77FB69} = {7116FBB6-130D-4A59-9C8A-A15680F0D4A7}
		{FEB858C0-B35D-4A07-A0EE-16F5B5BFC7EE} = {328F405C-3398-4608-B8DA-62CCB3EE8627}
		{0075CD39-3A02-439F-A12A-699A8C979F53} = {328F405C-3398-4608-B8DA-62CCB3EE8627}
		{5A595E8C-7861-415F-A193-A295E94CA22F} = {328F405C-3398-4608-B8DA-62CCB3EE8627}
		{E17C5429-4810-4589-9640-6D1828A6C71E} = {06813343-424A-4B8F-9CA9-A109CEA6303B}
		{6B9ABBAE-F1A9-456B-AAA5-24AD1D459777} = {06813343-424A-4B8F-9CA9-A109CEA6303B}
		{0E32F93E-8E53-4469-BD63-3BFCE23468DD} = {06813343-424A-4B8F-9CA9-A109CEA6303B}
		{04979BB2-2132-46AF-B359-D83A243B97DE} = {06813343-424A-4B8F-9CA9-A109CEA6303B}
		{45BBB0EB-4C95-41D5-BD6C-C7D980212144} = {1EAE4385-197F-413F-8AFB-C80EBBD5ED64}
		{80C5014D-7908-4CBC-B9B2-50535E481A53} = {091195C2-96DB-440E-981A-6E72379FDAEF}
		{05BD1F8E-AC94-4746-816F-A2BF91FE5CDA} = {091195C2-96DB-440E-981A-6E72379FDAEF}
	EndGlobalSection
EndGlobal
